// !$*UTF8*$!
{
	archiveVersion = 1;
	classes = {
	};
	objectVersion = 50;
	objects = {

/* Begin PBXBuildFile section */
		9209D3BD27A391A8008DEAFF /* SerImportView.swift in Sources */ = {isa = PBXBuildFile; fileRef = 9209D3BC27A391A8008DEAFF /* SerImportView.swift */; };
		9209D3C127A391E0008DEAFF /* SerDetailView.swift in Sources */ = {isa = PBXBuildFile; fileRef = 9209D3C027A391E0008DEAFF /* SerDetailView.swift */; };
		9209D3C327A39DFE008DEAFF /* SerDocument.swift in Sources */ = {isa = PBXBuildFile; fileRef = 9209D3C227A39DFE008DEAFF /* SerDocument.swift */; };
		921916BC27A61C6500A3FFE9 /* SerDescriptionView.swift in Sources */ = {isa = PBXBuildFile; fileRef = 921916BB27A61C6500A3FFE9 /* SerDescriptionView.swift */; };
		921916C027A7877B00A3FFE9 /* SegNetTabPickerView.swift in Sources */ = {isa = PBXBuildFile; fileRef = 921916BF27A7877B00A3FFE9 /* SegNetTabPickerView.swift */; };
		921916C527A78B3000A3FFE9 /* Alert.swift in Sources */ = {isa = PBXBuildFile; fileRef = 921916C427A78B3000A3FFE9 /* Alert.swift */; };
		921916C727A7908600A3FFE9 /* ImageGalleryView.swift in Sources */ = {isa = PBXBuildFile; fileRef = 921916C627A7908600A3FFE9 /* ImageGalleryView.swift */; };
		921916C927A790B800A3FFE9 /* SerGalleryView.swift in Sources */ = {isa = PBXBuildFile; fileRef = 921916C827A790B800A3FFE9 /* SerGalleryView.swift */; };
		921916CC27A795A900A3FFE9 /* SerViewModel.swift in Sources */ = {isa = PBXBuildFile; fileRef = 921916CB27A795A900A3FFE9 /* SerViewModel.swift */; };
		921916D327A8E31D00A3FFE9 /* SourceImageView.swift in Sources */ = {isa = PBXBuildFile; fileRef = 921916D227A8E31D00A3FFE9 /* SourceImageView.swift */; };
		921916D527A9CC9000A3FFE9 /* HomeTabViewModel.swift in Sources */ = {isa = PBXBuildFile; fileRef = 921916D427A9CC9000A3FFE9 /* HomeTabViewModel.swift */; };
		923279F527AD82190080F2EB /* PermissionsView.swift in Sources */ = {isa = PBXBuildFile; fileRef = 923279F427AD82190080F2EB /* PermissionsView.swift */; };
		923279F727AD82270080F2EB /* PermissionsViewController.swift in Sources */ = {isa = PBXBuildFile; fileRef = 923279F627AD82270080F2EB /* PermissionsViewController.swift */; };
		9286C83A278E106100A3101E /* FileSer.swift in Sources */ = {isa = PBXBuildFile; fileRef = 9286C837278E106100A3101E /* FileSer.swift */; };
		9286C83B278E106100A3101E /* FileRead.swift in Sources */ = {isa = PBXBuildFile; fileRef = 9286C838278E106100A3101E /* FileRead.swift */; };
		9286C83C278E106100A3101E /* PythonPortHelpers.swift in Sources */ = {isa = PBXBuildFile; fileRef = 9286C839278E106100A3101E /* PythonPortHelpers.swift */; };
		9286C83E278E439300A3101E /* Persistence.swift in Sources */ = {isa = PBXBuildFile; fileRef = 9286C83D278E439300A3101E /* Persistence.swift */; };
		929336DA27A0A106002E14A0 /* MessageDocument.swift in Sources */ = {isa = PBXBuildFile; fileRef = 929336D927A0A106002E14A0 /* MessageDocument.swift */; };
		929336DC27A0A15D002E14A0 /* ContentView.swift in Sources */ = {isa = PBXBuildFile; fileRef = 929336DB27A0A15D002E14A0 /* ContentView.swift */; };
		92A5AEB4276D2DBA0012A0EA /* iOSAtomSegNetApp.swift in Sources */ = {isa = PBXBuildFile; fileRef = 92A5AEB3276D2DBA0012A0EA /* iOSAtomSegNetApp.swift */; };
		92A5AEB8276D2DBB0012A0EA /* Assets.xcassets in Resources */ = {isa = PBXBuildFile; fileRef = 92A5AEB7276D2DBB0012A0EA /* Assets.xcassets */; };
		92A5AEBB276D2DBB0012A0EA /* Preview Assets.xcassets in Resources */ = {isa = PBXBuildFile; fileRef = 92A5AEBA276D2DBB0012A0EA /* Preview Assets.xcassets */; };
		92A5AEC4276D2E890012A0EA /* LASwift.framework in Frameworks */ = {isa = PBXBuildFile; fileRef = 92A5AEC3276D2E890012A0EA /* LASwift.framework */; };
		92A5AEC5276D2E890012A0EA /* LASwift.framework in Embed Frameworks */ = {isa = PBXBuildFile; fileRef = 92A5AEC3276D2E890012A0EA /* LASwift.framework */; settings = {ATTRIBUTES = (CodeSignOnCopy, RemoveHeadersOnCopy, ); }; };
		92A5AECC276D2EBB0012A0EA /* MatrixFromImage.swift in Sources */ = {isa = PBXBuildFile; fileRef = 92A5AEC9276D2EBB0012A0EA /* MatrixFromImage.swift */; };
		92A5AECD276D2EBB0012A0EA /* SegNetIO.swift in Sources */ = {isa = PBXBuildFile; fileRef = 92A5AECA276D2EBB0012A0EA /* SegNetIO.swift */; };
		92A5AED3276D2EF50012A0EA /* GalleryViewModel.swift in Sources */ = {isa = PBXBuildFile; fileRef = 92A5AECF276D2EF50012A0EA /* GalleryViewModel.swift */; };
		92A5AED4276D2EF50012A0EA /* ExampleSources.swift in Sources */ = {isa = PBXBuildFile; fileRef = 92A5AED0276D2EF50012A0EA /* ExampleSources.swift */; };
		92A5AED6276D2EF50012A0EA /* Appearance.swift in Sources */ = {isa = PBXBuildFile; fileRef = 92A5AED2276D2EF50012A0EA /* Appearance.swift */; };
		92A5AEDF276D2F0F0012A0EA /* ModelPickerView.swift in Sources */ = {isa = PBXBuildFile; fileRef = 92A5AED8276D2F0F0012A0EA /* ModelPickerView.swift */; };
		92A5AEE0276D2F0F0012A0EA /* HomeTabView.swift in Sources */ = {isa = PBXBuildFile; fileRef = 92A5AED9276D2F0F0012A0EA /* HomeTabView.swift */; };
		92A5AEE1276D2F0F0012A0EA /* BackButton.swift in Sources */ = {isa = PBXBuildFile; fileRef = 92A5AEDB276D2F0F0012A0EA /* BackButton.swift */; };
		92A5AEE2276D2F0F0012A0EA /* ProcessingView.swift in Sources */ = {isa = PBXBuildFile; fileRef = 92A5AEDC276D2F0F0012A0EA /* ProcessingView.swift */; };
		92A5AEE3276D2F0F0012A0EA /* GalleryView.swift in Sources */ = {isa = PBXBuildFile; fileRef = 92A5AEDE276D2F0F0012A0EA /* GalleryView.swift */; };
		92A5AEEA276D2F3A0012A0EA /* CoreMLHelpers.swift in Sources */ = {isa = PBXBuildFile; fileRef = 92A5AEE5276D2F3A0012A0EA /* CoreMLHelpers.swift */; };
		92A5AEEB276D2F3A0012A0EA /* ImageConverter.swift in Sources */ = {isa = PBXBuildFile; fileRef = 92A5AEE6276D2F3A0012A0EA /* ImageConverter.swift */; };
		92A5AEEC276D2F3A0012A0EA /* FitData.swift in Sources */ = {isa = PBXBuildFile; fileRef = 92A5AEE7276D2F3A0012A0EA /* FitData.swift */; };
		92A5AEED276D2F3A0012A0EA /* MLModelLibrary.swift in Sources */ = {isa = PBXBuildFile; fileRef = 92A5AEE8276D2F3A0012A0EA /* MLModelLibrary.swift */; };
		92A5AEEE276D2F3A0012A0EA /* Errors.swift in Sources */ = {isa = PBXBuildFile; fileRef = 92A5AEE9276D2F3A0012A0EA /* Errors.swift */; };
		92A5AEF6276D2F500012A0EA /* denoise&bgremoval&superres.mlmodel in Sources */ = {isa = PBXBuildFile; fileRef = 92A5AEF0276D2F500012A0EA /* denoise&bgremoval&superres.mlmodel */; };
		92A5AEF7276D2F500012A0EA /* gaussianMask.mlmodel in Sources */ = {isa = PBXBuildFile; fileRef = 92A5AEF1276D2F500012A0EA /* gaussianMask.mlmodel */; };
		92A5AEF8276D2F500012A0EA /* circularMask.mlmodel in Sources */ = {isa = PBXBuildFile; fileRef = 92A5AEF2276D2F500012A0EA /* circularMask.mlmodel */; };
		92A5AEF9276D2F500012A0EA /* gaussianMask_1024.mlmodel in Sources */ = {isa = PBXBuildFile; fileRef = 92A5AEF3276D2F500012A0EA /* gaussianMask_1024.mlmodel */; };
		92A5AEFA276D2F500012A0EA /* denoise&bgremoval.mlmodel in Sources */ = {isa = PBXBuildFile; fileRef = 92A5AEF4276D2F500012A0EA /* denoise&bgremoval.mlmodel */; };
		92A5AEFB276D2F500012A0EA /* denoise.mlmodel in Sources */ = {isa = PBXBuildFile; fileRef = 92A5AEF5276D2F500012A0EA /* denoise.mlmodel */; };
		92A5AEFD276D68E00012A0EA /* LoadingView.swift in Sources */ = {isa = PBXBuildFile; fileRef = 92A5AEFC276D68E00012A0EA /* LoadingView.swift */; };
		92A5AEFF276D6AAA0012A0EA /* ProcessingViewModel.swift in Sources */ = {isa = PBXBuildFile; fileRef = 92A5AEFE276D6AAA0012A0EA /* ProcessingViewModel.swift */; };
		92A5AF01276E97A60012A0EA /* SegNetIOManager.swift in Sources */ = {isa = PBXBuildFile; fileRef = 92A5AF00276E97A60012A0EA /* SegNetIOManager.swift */; };
		92A5AF06276EF3D50012A0EA /* circularMask_1024.mlmodel in Sources */ = {isa = PBXBuildFile; fileRef = 92A5AF03276EF3D40012A0EA /* circularMask_1024.mlmodel */; };
		92A5AF0D2770F7EC0012A0EA /* OutputsView.swift in Sources */ = {isa = PBXBuildFile; fileRef = 92A5AF0C2770F7EC0012A0EA /* OutputsView.swift */; };
		92A5AF0F27713A640012A0EA /* denoise_1024.mlmodel in Sources */ = {isa = PBXBuildFile; fileRef = 92A5AF0E27713A640012A0EA /* denoise_1024.mlmodel */; };
		92A5AF1127713A6C0012A0EA /* denoise&bgremoval_1024.mlmodel in Sources */ = {isa = PBXBuildFile; fileRef = 92A5AF1027713A6C0012A0EA /* denoise&bgremoval_1024.mlmodel */; };
		92A5AF1327713A750012A0EA /* denoise&bgremoval&superres_1024.mlmodel in Sources */ = {isa = PBXBuildFile; fileRef = 92A5AF1227713A750012A0EA /* denoise&bgremoval&superres_1024.mlmodel */; };
		92A5AF1727716F480012A0EA /* PickerButton.swift in Sources */ = {isa = PBXBuildFile; fileRef = 92A5AF1627716F480012A0EA /* PickerButton.swift */; };
		92A5AF19277260CD0012A0EA /* WorkingImageView.swift in Sources */ = {isa = PBXBuildFile; fileRef = 92A5AF18277260CD0012A0EA /* WorkingImageView.swift */; };
		92A5AF1B277261D80012A0EA /* ModelOutputsView.swift in Sources */ = {isa = PBXBuildFile; fileRef = 92A5AF1A277261D80012A0EA /* ModelOutputsView.swift */; };
		92A5AF362773C48A0012A0EA /* 20.40.16 Scanning Acquire_0000.emi in Resources */ = {isa = PBXBuildFile; fileRef = 92A5AF2F2773C4890012A0EA /* 20.40.16 Scanning Acquire_0000.emi */; };
		92A5AF372773C48A0012A0EA /* 20.40.16 Scanning Acquire_0000_1.ser in Resources */ = {isa = PBXBuildFile; fileRef = 92A5AF302773C4890012A0EA /* 20.40.16 Scanning Acquire_0000_1.ser */; };
		92A5AF382773C48A0012A0EA /* 20.40.16 Scanning Acquire_0000_1 in Resources */ = {isa = PBXBuildFile; fileRef = 92A5AF312773C48A0012A0EA /* 20.40.16 Scanning Acquire_0000_1 */; };
		92A5AF392773C48A0012A0EA /* Scanning Preview_0000_1.ser in Resources */ = {isa = PBXBuildFile; fileRef = 92A5AF322773C48A0012A0EA /* Scanning Preview_0000_1.ser */; };
		92A5AF492779568D0012A0EA /* RunInferenceButton.swift in Sources */ = {isa = PBXBuildFile; fileRef = 92A5AF482779568D0012A0EA /* RunInferenceButton.swift */; };
		92A5AF4E277AA65A0012A0EA /* ImageInspectView.swift in Sources */ = {isa = PBXBuildFile; fileRef = 92A5AF4D277AA65A0012A0EA /* ImageInspectView.swift */; };
		92A5AF50277B89BE0012A0EA /* ImagePicker.swift in Sources */ = {isa = PBXBuildFile; fileRef = 92A5AF4F277B89BE0012A0EA /* ImagePicker.swift */; };
		92B0FB2627B8674100D4478E /* UIScrollView.swift in Sources */ = {isa = PBXBuildFile; fileRef = 92B0FB2527B8674100D4478E /* UIScrollView.swift */; };
		92C6998827AF1F2600B42FE4 /* DataModel.xcdatamodeld in Sources */ = {isa = PBXBuildFile; fileRef = 92C6998627AF1F2600B42FE4 /* DataModel.xcdatamodeld */; };
/* End PBXBuildFile section */

/* Begin PBXCopyFilesBuildPhase section */
		92A5AEC6276D2E890012A0EA /* Embed Frameworks */ = {
			isa = PBXCopyFilesBuildPhase;
			buildActionMask = 2147483647;
			dstPath = "";
			dstSubfolderSpec = 10;
			files = (
				92A5AEC5276D2E890012A0EA /* LASwift.framework in Embed Frameworks */,
			);
			name = "Embed Frameworks";
			runOnlyForDeploymentPostprocessing = 0;
		};
/* End PBXCopyFilesBuildPhase section */

/* Begin PBXFileReference section */
		9209D3BC27A391A8008DEAFF /* SerImportView.swift */ = {isa = PBXFileReference; lastKnownFileType = sourcecode.swift; path = SerImportView.swift; sourceTree = "<group>"; };
		9209D3C027A391E0008DEAFF /* SerDetailView.swift */ = {isa = PBXFileReference; lastKnownFileType = sourcecode.swift; path = SerDetailView.swift; sourceTree = "<group>"; };
		9209D3C227A39DFE008DEAFF /* SerDocument.swift */ = {isa = PBXFileReference; lastKnownFileType = sourcecode.swift; path = SerDocument.swift; sourceTree = "<group>"; };
		921916BB27A61C6500A3FFE9 /* SerDescriptionView.swift */ = {isa = PBXFileReference; lastKnownFileType = sourcecode.swift; path = SerDescriptionView.swift; sourceTree = "<group>"; };
		921916BF27A7877B00A3FFE9 /* SegNetTabPickerView.swift */ = {isa = PBXFileReference; lastKnownFileType = sourcecode.swift; path = SegNetTabPickerView.swift; sourceTree = "<group>"; };
		921916C427A78B3000A3FFE9 /* Alert.swift */ = {isa = PBXFileReference; lastKnownFileType = sourcecode.swift; path = Alert.swift; sourceTree = "<group>"; };
		921916C627A7908600A3FFE9 /* ImageGalleryView.swift */ = {isa = PBXFileReference; lastKnownFileType = sourcecode.swift; path = ImageGalleryView.swift; sourceTree = "<group>"; };
		921916C827A790B800A3FFE9 /* SerGalleryView.swift */ = {isa = PBXFileReference; lastKnownFileType = sourcecode.swift; path = SerGalleryView.swift; sourceTree = "<group>"; };
		921916CB27A795A900A3FFE9 /* SerViewModel.swift */ = {isa = PBXFileReference; lastKnownFileType = sourcecode.swift; path = SerViewModel.swift; sourceTree = "<group>"; };
		921916D227A8E31D00A3FFE9 /* SourceImageView.swift */ = {isa = PBXFileReference; lastKnownFileType = sourcecode.swift; path = SourceImageView.swift; sourceTree = "<group>"; };
		921916D427A9CC9000A3FFE9 /* HomeTabViewModel.swift */ = {isa = PBXFileReference; lastKnownFileType = sourcecode.swift; path = HomeTabViewModel.swift; sourceTree = "<group>"; };
		923279F427AD82190080F2EB /* PermissionsView.swift */ = {isa = PBXFileReference; lastKnownFileType = sourcecode.swift; path = PermissionsView.swift; sourceTree = "<group>"; };
		923279F627AD82270080F2EB /* PermissionsViewController.swift */ = {isa = PBXFileReference; lastKnownFileType = sourcecode.swift; path = PermissionsViewController.swift; sourceTree = "<group>"; };
		9286C837278E106100A3101E /* FileSer.swift */ = {isa = PBXFileReference; fileEncoding = 4; lastKnownFileType = sourcecode.swift; path = FileSer.swift; sourceTree = "<group>"; };
		9286C838278E106100A3101E /* FileRead.swift */ = {isa = PBXFileReference; fileEncoding = 4; lastKnownFileType = sourcecode.swift; path = FileRead.swift; sourceTree = "<group>"; };
		9286C839278E106100A3101E /* PythonPortHelpers.swift */ = {isa = PBXFileReference; fileEncoding = 4; lastKnownFileType = sourcecode.swift; path = PythonPortHelpers.swift; sourceTree = "<group>"; };
		9286C83D278E439300A3101E /* Persistence.swift */ = {isa = PBXFileReference; lastKnownFileType = sourcecode.swift; path = Persistence.swift; sourceTree = "<group>"; };
		929336D927A0A106002E14A0 /* MessageDocument.swift */ = {isa = PBXFileReference; lastKnownFileType = sourcecode.swift; path = MessageDocument.swift; sourceTree = "<group>"; };
		929336DB27A0A15D002E14A0 /* ContentView.swift */ = {isa = PBXFileReference; lastKnownFileType = sourcecode.swift; path = ContentView.swift; sourceTree = "<group>"; };
		92A5AEB0276D2DBA0012A0EA /* iOSAtomSegNet.app */ = {isa = PBXFileReference; explicitFileType = wrapper.application; includeInIndex = 0; path = iOSAtomSegNet.app; sourceTree = BUILT_PRODUCTS_DIR; };
		92A5AEB3276D2DBA0012A0EA /* iOSAtomSegNetApp.swift */ = {isa = PBXFileReference; lastKnownFileType = sourcecode.swift; path = iOSAtomSegNetApp.swift; sourceTree = "<group>"; };
		92A5AEB7276D2DBB0012A0EA /* Assets.xcassets */ = {isa = PBXFileReference; lastKnownFileType = folder.assetcatalog; path = Assets.xcassets; sourceTree = "<group>"; };
		92A5AEBA276D2DBB0012A0EA /* Preview Assets.xcassets */ = {isa = PBXFileReference; lastKnownFileType = folder.assetcatalog; path = "Preview Assets.xcassets"; sourceTree = "<group>"; };
		92A5AEBC276D2DBB0012A0EA /* Info.plist */ = {isa = PBXFileReference; lastKnownFileType = text.plist.xml; path = Info.plist; sourceTree = "<group>"; };
		92A5AEC3276D2E890012A0EA /* LASwift.framework */ = {isa = PBXFileReference; lastKnownFileType = wrapper.framework; name = LASwift.framework; path = "Carthage/Build/LASwift.xcframework/ios-arm64_armv7/LASwift.framework"; sourceTree = "<group>"; };
		92A5AEC9276D2EBB0012A0EA /* MatrixFromImage.swift */ = {isa = PBXFileReference; fileEncoding = 4; lastKnownFileType = sourcecode.swift; path = MatrixFromImage.swift; sourceTree = "<group>"; };
		92A5AECA276D2EBB0012A0EA /* SegNetIO.swift */ = {isa = PBXFileReference; fileEncoding = 4; lastKnownFileType = sourcecode.swift; path = SegNetIO.swift; sourceTree = "<group>"; };
		92A5AECF276D2EF50012A0EA /* GalleryViewModel.swift */ = {isa = PBXFileReference; fileEncoding = 4; lastKnownFileType = sourcecode.swift; path = GalleryViewModel.swift; sourceTree = "<group>"; };
		92A5AED0276D2EF50012A0EA /* ExampleSources.swift */ = {isa = PBXFileReference; fileEncoding = 4; lastKnownFileType = sourcecode.swift; path = ExampleSources.swift; sourceTree = "<group>"; };
		92A5AED2276D2EF50012A0EA /* Appearance.swift */ = {isa = PBXFileReference; fileEncoding = 4; lastKnownFileType = sourcecode.swift; path = Appearance.swift; sourceTree = "<group>"; };
		92A5AED8276D2F0F0012A0EA /* ModelPickerView.swift */ = {isa = PBXFileReference; fileEncoding = 4; lastKnownFileType = sourcecode.swift; path = ModelPickerView.swift; sourceTree = "<group>"; };
		92A5AED9276D2F0F0012A0EA /* HomeTabView.swift */ = {isa = PBXFileReference; fileEncoding = 4; lastKnownFileType = sourcecode.swift; path = HomeTabView.swift; sourceTree = "<group>"; };
		92A5AEDB276D2F0F0012A0EA /* BackButton.swift */ = {isa = PBXFileReference; fileEncoding = 4; lastKnownFileType = sourcecode.swift; path = BackButton.swift; sourceTree = "<group>"; };
		92A5AEDC276D2F0F0012A0EA /* ProcessingView.swift */ = {isa = PBXFileReference; fileEncoding = 4; lastKnownFileType = sourcecode.swift; path = ProcessingView.swift; sourceTree = "<group>"; };
		92A5AEDE276D2F0F0012A0EA /* GalleryView.swift */ = {isa = PBXFileReference; fileEncoding = 4; lastKnownFileType = sourcecode.swift; path = GalleryView.swift; sourceTree = "<group>"; };
		92A5AEE5276D2F3A0012A0EA /* CoreMLHelpers.swift */ = {isa = PBXFileReference; fileEncoding = 4; lastKnownFileType = sourcecode.swift; path = CoreMLHelpers.swift; sourceTree = "<group>"; };
		92A5AEE6276D2F3A0012A0EA /* ImageConverter.swift */ = {isa = PBXFileReference; fileEncoding = 4; lastKnownFileType = sourcecode.swift; path = ImageConverter.swift; sourceTree = "<group>"; };
		92A5AEE7276D2F3A0012A0EA /* FitData.swift */ = {isa = PBXFileReference; fileEncoding = 4; lastKnownFileType = sourcecode.swift; path = FitData.swift; sourceTree = "<group>"; };
		92A5AEE8276D2F3A0012A0EA /* MLModelLibrary.swift */ = {isa = PBXFileReference; fileEncoding = 4; lastKnownFileType = sourcecode.swift; path = MLModelLibrary.swift; sourceTree = "<group>"; };
		92A5AEE9276D2F3A0012A0EA /* Errors.swift */ = {isa = PBXFileReference; fileEncoding = 4; lastKnownFileType = sourcecode.swift; path = Errors.swift; sourceTree = "<group>"; };
		92A5AEF0276D2F500012A0EA /* denoise&bgremoval&superres.mlmodel */ = {isa = PBXFileReference; lastKnownFileType = file.mlmodel; path = "denoise&bgremoval&superres.mlmodel"; sourceTree = "<group>"; };
		92A5AEF1276D2F500012A0EA /* gaussianMask.mlmodel */ = {isa = PBXFileReference; lastKnownFileType = file.mlmodel; path = gaussianMask.mlmodel; sourceTree = "<group>"; };
		92A5AEF2276D2F500012A0EA /* circularMask.mlmodel */ = {isa = PBXFileReference; lastKnownFileType = file.mlmodel; path = circularMask.mlmodel; sourceTree = "<group>"; };
		92A5AEF3276D2F500012A0EA /* gaussianMask_1024.mlmodel */ = {isa = PBXFileReference; lastKnownFileType = file.mlmodel; path = gaussianMask_1024.mlmodel; sourceTree = "<group>"; };
		92A5AEF4276D2F500012A0EA /* denoise&bgremoval.mlmodel */ = {isa = PBXFileReference; lastKnownFileType = file.mlmodel; path = "denoise&bgremoval.mlmodel"; sourceTree = "<group>"; };
		92A5AEF5276D2F500012A0EA /* denoise.mlmodel */ = {isa = PBXFileReference; lastKnownFileType = file.mlmodel; path = denoise.mlmodel; sourceTree = "<group>"; };
		92A5AEFC276D68E00012A0EA /* LoadingView.swift */ = {isa = PBXFileReference; lastKnownFileType = sourcecode.swift; path = LoadingView.swift; sourceTree = "<group>"; };
		92A5AEFE276D6AAA0012A0EA /* ProcessingViewModel.swift */ = {isa = PBXFileReference; lastKnownFileType = sourcecode.swift; path = ProcessingViewModel.swift; sourceTree = "<group>"; };
		92A5AF00276E97A60012A0EA /* SegNetIOManager.swift */ = {isa = PBXFileReference; lastKnownFileType = sourcecode.swift; path = SegNetIOManager.swift; sourceTree = "<group>"; };
		92A5AF03276EF3D40012A0EA /* circularMask_1024.mlmodel */ = {isa = PBXFileReference; lastKnownFileType = file.mlmodel; path = circularMask_1024.mlmodel; sourceTree = "<group>"; };
		92A5AF0C2770F7EC0012A0EA /* OutputsView.swift */ = {isa = PBXFileReference; lastKnownFileType = sourcecode.swift; path = OutputsView.swift; sourceTree = "<group>"; };
		92A5AF0E27713A640012A0EA /* denoise_1024.mlmodel */ = {isa = PBXFileReference; lastKnownFileType = file.mlmodel; name = denoise_1024.mlmodel; path = ../../GuassianONNXtoMATLAB/denoise_1024.mlmodel; sourceTree = "<group>"; };
		92A5AF1027713A6C0012A0EA /* denoise&bgremoval_1024.mlmodel */ = {isa = PBXFileReference; lastKnownFileType = file.mlmodel; name = "denoise&bgremoval_1024.mlmodel"; path = "../../GuassianONNXtoMATLAB/denoise&bgremoval_1024.mlmodel"; sourceTree = "<group>"; };
		92A5AF1227713A750012A0EA /* denoise&bgremoval&superres_1024.mlmodel */ = {isa = PBXFileReference; lastKnownFileType = file.mlmodel; name = "denoise&bgremoval&superres_1024.mlmodel"; path = "../../GuassianONNXtoMATLAB/denoise&bgremoval&superres_1024.mlmodel"; sourceTree = "<group>"; };
		92A5AF1627716F480012A0EA /* PickerButton.swift */ = {isa = PBXFileReference; lastKnownFileType = sourcecode.swift; path = PickerButton.swift; sourceTree = "<group>"; };
		92A5AF18277260CD0012A0EA /* WorkingImageView.swift */ = {isa = PBXFileReference; lastKnownFileType = sourcecode.swift; path = WorkingImageView.swift; sourceTree = "<group>"; };
		92A5AF1A277261D80012A0EA /* ModelOutputsView.swift */ = {isa = PBXFileReference; lastKnownFileType = sourcecode.swift; path = ModelOutputsView.swift; sourceTree = "<group>"; };
		92A5AF2F2773C4890012A0EA /* 20.40.16 Scanning Acquire_0000.emi */ = {isa = PBXFileReference; lastKnownFileType = file; path = "20.40.16 Scanning Acquire_0000.emi"; sourceTree = "<group>"; };
		92A5AF302773C4890012A0EA /* 20.40.16 Scanning Acquire_0000_1.ser */ = {isa = PBXFileReference; lastKnownFileType = file; path = "20.40.16 Scanning Acquire_0000_1.ser"; sourceTree = "<group>"; };
		92A5AF312773C48A0012A0EA /* 20.40.16 Scanning Acquire_0000_1 */ = {isa = PBXFileReference; fileEncoding = 4; lastKnownFileType = text; path = "20.40.16 Scanning Acquire_0000_1"; sourceTree = "<group>"; };
		92A5AF322773C48A0012A0EA /* Scanning Preview_0000_1.ser */ = {isa = PBXFileReference; lastKnownFileType = file; path = "Scanning Preview_0000_1.ser"; sourceTree = "<group>"; };
		92A5AF482779568D0012A0EA /* RunInferenceButton.swift */ = {isa = PBXFileReference; lastKnownFileType = sourcecode.swift; path = RunInferenceButton.swift; sourceTree = "<group>"; };
		92A5AF4C277A74010012A0EA /* 20.40.16 Scanning Acquire_0000_2.ser */ = {isa = PBXFileReference; lastKnownFileType = file; name = "20.40.16 Scanning Acquire_0000_2.ser"; path = "iOSAtomSegNet/Assets.xcassets/20.40.16 Scanning Acquire_0000_2.dataset/20.40.16 Scanning Acquire_0000_2.ser"; sourceTree = SOURCE_ROOT; };
		92A5AF4D277AA65A0012A0EA /* ImageInspectView.swift */ = {isa = PBXFileReference; lastKnownFileType = sourcecode.swift; path = ImageInspectView.swift; sourceTree = "<group>"; };
		92A5AF4F277B89BE0012A0EA /* ImagePicker.swift */ = {isa = PBXFileReference; lastKnownFileType = sourcecode.swift; path = ImagePicker.swift; sourceTree = "<group>"; };
		92B0FB2527B8674100D4478E /* UIScrollView.swift */ = {isa = PBXFileReference; lastKnownFileType = sourcecode.swift; path = UIScrollView.swift; sourceTree = "<group>"; };
		92C6998727AF1F2600B42FE4 /* DataModel.xcdatamodel */ = {isa = PBXFileReference; lastKnownFileType = wrapper.xcdatamodel; path = DataModel.xcdatamodel; sourceTree = "<group>"; };
/* End PBXFileReference section */

/* Begin PBXFrameworksBuildPhase section */
		92A5AEAD276D2DBA0012A0EA /* Frameworks */ = {
			isa = PBXFrameworksBuildPhase;
			buildActionMask = 2147483647;
			files = (
				92A5AEC4276D2E890012A0EA /* LASwift.framework in Frameworks */,
			);
			runOnlyForDeploymentPostprocessing = 0;
		};
/* End PBXFrameworksBuildPhase section */

/* Begin PBXGroup section */
		921916BD27A61C6A00A3FFE9 /* Ser Detail */ = {
			isa = PBXGroup;
			children = (
			);
			path = "Ser Detail";
			sourceTree = "<group>";
		};
		921916BE27A61C8200A3FFE9 /* Ser Detail Views */ = {
			isa = PBXGroup;
			children = (
				921916BB27A61C6500A3FFE9 /* SerDescriptionView.swift */,
				9209D3C027A391E0008DEAFF /* SerDetailView.swift */,
			);
			path = "Ser Detail Views";
			sourceTree = "<group>";
		};
		921916CA27A7957000A3FFE9 /* Ser */ = {
			isa = PBXGroup;
			children = (
				921916BE27A61C8200A3FFE9 /* Ser Detail Views */,
				921916C827A790B800A3FFE9 /* SerGalleryView.swift */,
				9209D3C227A39DFE008DEAFF /* SerDocument.swift */,
				9209D3BC27A391A8008DEAFF /* SerImportView.swift */,
				921916CB27A795A900A3FFE9 /* SerViewModel.swift */,
				921916D227A8E31D00A3FFE9 /* SourceImageView.swift */,
			);
			path = Ser;
			sourceTree = "<group>";
		};
		921916D127A8E24900A3FFE9 /* Images */ = {
			isa = PBXGroup;
			children = (
				92B0FB2527B8674100D4478E /* UIScrollView.swift */,
				923279F627AD82270080F2EB /* PermissionsViewController.swift */,
				923279F427AD82190080F2EB /* PermissionsView.swift */,
				92A5AF4F277B89BE0012A0EA /* ImagePicker.swift */,
				92A5AF4D277AA65A0012A0EA /* ImageInspectView.swift */,
				921916C627A7908600A3FFE9 /* ImageGalleryView.swift */,
			);
			path = Images;
			sourceTree = "<group>";
		};
		92A5AEA7276D2DBA0012A0EA = {
			isa = PBXGroup;
			children = (
				92C6998627AF1F2600B42FE4 /* DataModel.xcdatamodeld */,
				9286C83D278E439300A3101E /* Persistence.swift */,
				921916C427A78B3000A3FFE9 /* Alert.swift */,
				921916BD27A61C6A00A3FFE9 /* Ser Detail */,
				929336DB27A0A15D002E14A0 /* ContentView.swift */,
				929336D927A0A106002E14A0 /* MessageDocument.swift */,
				92A5AEB2276D2DBA0012A0EA /* iOSAtomSegNet */,
				92A5AED7276D2F0F0012A0EA /* Views */,
				92A5AECE276D2EF50012A0EA /* Model */,
				92A5AEEF276D2F500012A0EA /* Segmentation Networks */,
				92A5AEB1276D2DBA0012A0EA /* Products */,
				92A5AEC2276D2E890012A0EA /* Frameworks */,
			);
			sourceTree = "<group>";
		};
		92A5AEB1276D2DBA0012A0EA /* Products */ = {
			isa = PBXGroup;
			children = (
				92A5AEB0276D2DBA0012A0EA /* iOSAtomSegNet.app */,
			);
			name = Products;
			sourceTree = "<group>";
		};
		92A5AEB2276D2DBA0012A0EA /* iOSAtomSegNet */ = {
			isa = PBXGroup;
			children = (
				92A5AEB3276D2DBA0012A0EA /* iOSAtomSegNetApp.swift */,
				92A5AEB7276D2DBB0012A0EA /* Assets.xcassets */,
				92A5AEBC276D2DBB0012A0EA /* Info.plist */,
				92A5AEB9276D2DBB0012A0EA /* Preview Content */,
				92A5AEFC276D68E00012A0EA /* LoadingView.swift */,
			);
			path = iOSAtomSegNet;
			sourceTree = "<group>";
		};
		92A5AEB9276D2DBB0012A0EA /* Preview Content */ = {
			isa = PBXGroup;
			children = (
				92A5AEBA276D2DBB0012A0EA /* Preview Assets.xcassets */,
			);
			path = "Preview Content";
			sourceTree = "<group>";
		};
		92A5AEC2276D2E890012A0EA /* Frameworks */ = {
			isa = PBXGroup;
			children = (
				92A5AEC3276D2E890012A0EA /* LASwift.framework */,
			);
			name = Frameworks;
			sourceTree = "<group>";
		};
		92A5AEC7276D2EBB0012A0EA /* Processing Manager */ = {
			isa = PBXGroup;
			children = (
				92A5AEC9276D2EBB0012A0EA /* MatrixFromImage.swift */,
				92A5AECA276D2EBB0012A0EA /* SegNetIO.swift */,
				92A5AF00276E97A60012A0EA /* SegNetIOManager.swift */,
			);
			path = "Processing Manager";
			sourceTree = "<group>";
		};
		92A5AECE276D2EF50012A0EA /* Model */ = {
			isa = PBXGroup;
			children = (
				92A5AED2276D2EF50012A0EA /* Appearance.swift */,
				92A5AED0276D2EF50012A0EA /* ExampleSources.swift */,
				92A5AF1C2773BE8E0012A0EA /* Ser Reading */,
				92A5AEC7276D2EBB0012A0EA /* Processing Manager */,
				92A5AEE4276D2F3A0012A0EA /* CoreML Setup */,
			);
			path = Model;
			sourceTree = "<group>";
		};
		92A5AED7276D2F0F0012A0EA /* Views */ = {
			isa = PBXGroup;
			children = (
				92A5AF3F2777D2890012A0EA /* Gallery */,
				92A5AF3E2777D27E0012A0EA /* ProcessingView */,
				92A5AEDA276D2F0F0012A0EA /* Button */,
			);
			path = Views;
			sourceTree = "<group>";
		};
		92A5AEDA276D2F0F0012A0EA /* Button */ = {
			isa = PBXGroup;
			children = (
				92A5AEDB276D2F0F0012A0EA /* BackButton.swift */,
				92A5AF1627716F480012A0EA /* PickerButton.swift */,
				92A5AF482779568D0012A0EA /* RunInferenceButton.swift */,
			);
			path = Button;
			sourceTree = "<group>";
		};
		92A5AEE4276D2F3A0012A0EA /* CoreML Setup */ = {
			isa = PBXGroup;
			children = (
				92A5AEE5276D2F3A0012A0EA /* CoreMLHelpers.swift */,
				92A5AEE6276D2F3A0012A0EA /* ImageConverter.swift */,
				92A5AEE7276D2F3A0012A0EA /* FitData.swift */,
				92A5AEE8276D2F3A0012A0EA /* MLModelLibrary.swift */,
				92A5AEE9276D2F3A0012A0EA /* Errors.swift */,
			);
			path = "CoreML Setup";
			sourceTree = "<group>";
		};
		92A5AEEF276D2F500012A0EA /* Segmentation Networks */ = {
			isa = PBXGroup;
			children = (
				92A5AEF1276D2F500012A0EA /* gaussianMask.mlmodel */,
				92A5AEF2276D2F500012A0EA /* circularMask.mlmodel */,
				92A5AEF5276D2F500012A0EA /* denoise.mlmodel */,
				92A5AEF4276D2F500012A0EA /* denoise&bgremoval.mlmodel */,
				92A5AEF0276D2F500012A0EA /* denoise&bgremoval&superres.mlmodel */,
				92A5AEF3276D2F500012A0EA /* gaussianMask_1024.mlmodel */,
				92A5AF03276EF3D40012A0EA /* circularMask_1024.mlmodel */,
				92A5AF0E27713A640012A0EA /* denoise_1024.mlmodel */,
				92A5AF1027713A6C0012A0EA /* denoise&bgremoval_1024.mlmodel */,
				92A5AF1227713A750012A0EA /* denoise&bgremoval&superres_1024.mlmodel */,
			);
			path = "Segmentation Networks";
			sourceTree = "<group>";
		};
		92A5AF1C2773BE8E0012A0EA /* Ser Reading */ = {
			isa = PBXGroup;
			children = (
				9286C838278E106100A3101E /* FileRead.swift */,
				9286C837278E106100A3101E /* FileSer.swift */,
				9286C839278E106100A3101E /* PythonPortHelpers.swift */,
				92A5AF2E2773C4890012A0EA /* Ser Test Files */,
			);
			path = "Ser Reading";
			sourceTree = "<group>";
		};
		92A5AF2E2773C4890012A0EA /* Ser Test Files */ = {
			isa = PBXGroup;
			children = (
				92A5AF4C277A74010012A0EA /* 20.40.16 Scanning Acquire_0000_2.ser */,
				92A5AF2F2773C4890012A0EA /* 20.40.16 Scanning Acquire_0000.emi */,
				92A5AF302773C4890012A0EA /* 20.40.16 Scanning Acquire_0000_1.ser */,
				92A5AF312773C48A0012A0EA /* 20.40.16 Scanning Acquire_0000_1 */,
				92A5AF322773C48A0012A0EA /* Scanning Preview_0000_1.ser */,
			);
			path = "Ser Test Files";
			sourceTree = "<group>";
		};
		92A5AF3E2777D27E0012A0EA /* ProcessingView */ = {
			isa = PBXGroup;
			children = (
				92A5AEDC276D2F0F0012A0EA /* ProcessingView.swift */,
				92A5AEFE276D6AAA0012A0EA /* ProcessingViewModel.swift */,
				92A5AED8276D2F0F0012A0EA /* ModelPickerView.swift */,
				92A5AF18277260CD0012A0EA /* WorkingImageView.swift */,
				92A5AF1A277261D80012A0EA /* ModelOutputsView.swift */,
			);
			path = ProcessingView;
			sourceTree = "<group>";
		};
		92A5AF3F2777D2890012A0EA /* Gallery */ = {
			isa = PBXGroup;
			children = (
				92A5AEDE276D2F0F0012A0EA /* GalleryView.swift */,
				92A5AECF276D2EF50012A0EA /* GalleryViewModel.swift */,
				92C699A927AF6A3F00B42FE4 /* Outputs View */,
				92A5AED9276D2F0F0012A0EA /* HomeTabView.swift */,
				921916D427A9CC9000A3FFE9 /* HomeTabViewModel.swift */,
				921916D127A8E24900A3FFE9 /* Images */,
				921916CA27A7957000A3FFE9 /* Ser */,
				921916BF27A7877B00A3FFE9 /* SegNetTabPickerView.swift */,
			);
			path = Gallery;
			sourceTree = "<group>";
		};
		92C699A927AF6A3F00B42FE4 /* Outputs View */ = {
			isa = PBXGroup;
			children = (
				92A5AF0C2770F7EC0012A0EA /* OutputsView.swift */,
			);
			path = "Outputs View";
			sourceTree = "<group>";
		};
/* End PBXGroup section */

/* Begin PBXNativeTarget section */
		92A5AEAF276D2DBA0012A0EA /* iOSAtomSegNet */ = {
			isa = PBXNativeTarget;
			buildConfigurationList = 92A5AEBF276D2DBB0012A0EA /* Build configuration list for PBXNativeTarget "iOSAtomSegNet" */;
			buildPhases = (
				92A5AEAC276D2DBA0012A0EA /* Sources */,
				92A5AEAD276D2DBA0012A0EA /* Frameworks */,
				92A5AEAE276D2DBA0012A0EA /* Resources */,
				92A5AEC6276D2E890012A0EA /* Embed Frameworks */,
			);
			buildRules = (
			);
			dependencies = (
			);
			name = iOSAtomSegNet;
			productName = iOSAtomSegNet;
			productReference = 92A5AEB0276D2DBA0012A0EA /* iOSAtomSegNet.app */;
			productType = "com.apple.product-type.application";
		};
/* End PBXNativeTarget section */

/* Begin PBXProject section */
		92A5AEA8276D2DBA0012A0EA /* Project object */ = {
			isa = PBXProject;
			attributes = {
				LastSwiftUpdateCheck = 1250;
				LastUpgradeCheck = 1250;
				TargetAttributes = {
					92A5AEAF276D2DBA0012A0EA = {
						CreatedOnToolsVersion = 12.5.1;
						LastSwiftMigration = 1250;
					};
				};
			};
			buildConfigurationList = 92A5AEAB276D2DBA0012A0EA /* Build configuration list for PBXProject "iOSAtomSegNet" */;
			compatibilityVersion = "Xcode 9.3";
			developmentRegion = en;
			hasScannedForEncodings = 0;
			knownRegions = (
				en,
				Base,
			);
			mainGroup = 92A5AEA7276D2DBA0012A0EA;
			productRefGroup = 92A5AEB1276D2DBA0012A0EA /* Products */;
			projectDirPath = "";
			projectRoot = "";
			targets = (
				92A5AEAF276D2DBA0012A0EA /* iOSAtomSegNet */,
			);
		};
/* End PBXProject section */

/* Begin PBXResourcesBuildPhase section */
		92A5AEAE276D2DBA0012A0EA /* Resources */ = {
			isa = PBXResourcesBuildPhase;
			buildActionMask = 2147483647;
			files = (
				92A5AEBB276D2DBB0012A0EA /* Preview Assets.xcassets in Resources */,
				92A5AEB8276D2DBB0012A0EA /* Assets.xcassets in Resources */,
				92A5AF382773C48A0012A0EA /* 20.40.16 Scanning Acquire_0000_1 in Resources */,
				92A5AF392773C48A0012A0EA /* Scanning Preview_0000_1.ser in Resources */,
				92A5AF362773C48A0012A0EA /* 20.40.16 Scanning Acquire_0000.emi in Resources */,
				92A5AF372773C48A0012A0EA /* 20.40.16 Scanning Acquire_0000_1.ser in Resources */,
			);
			runOnlyForDeploymentPostprocessing = 0;
		};
/* End PBXResourcesBuildPhase section */

/* Begin PBXSourcesBuildPhase section */
		92A5AEAC276D2DBA0012A0EA /* Sources */ = {
			isa = PBXSourcesBuildPhase;
			buildActionMask = 2147483647;
			files = (
				92A5AECD276D2EBB0012A0EA /* SegNetIO.swift in Sources */,
				92A5AEFB276D2F500012A0EA /* denoise.mlmodel in Sources */,
				92A5AED6276D2EF50012A0EA /* Appearance.swift in Sources */,
				921916C527A78B3000A3FFE9 /* Alert.swift in Sources */,
				92A5AEEA276D2F3A0012A0EA /* CoreMLHelpers.swift in Sources */,
				92A5AF01276E97A60012A0EA /* SegNetIOManager.swift in Sources */,
				921916D327A8E31D00A3FFE9 /* SourceImageView.swift in Sources */,
				9286C83B278E106100A3101E /* FileRead.swift in Sources */,
				92A5AEF8276D2F500012A0EA /* circularMask.mlmodel in Sources */,
				92A5AED3276D2EF50012A0EA /* GalleryViewModel.swift in Sources */,
				921916BC27A61C6500A3FFE9 /* SerDescriptionView.swift in Sources */,
				92A5AF1127713A6C0012A0EA /* denoise&bgremoval_1024.mlmodel in Sources */,
				92A5AF06276EF3D50012A0EA /* circularMask_1024.mlmodel in Sources */,
				92A5AECC276D2EBB0012A0EA /* MatrixFromImage.swift in Sources */,
				9209D3BD27A391A8008DEAFF /* SerImportView.swift in Sources */,
				921916CC27A795A900A3FFE9 /* SerViewModel.swift in Sources */,
				921916C027A7877B00A3FFE9 /* SegNetTabPickerView.swift in Sources */,
				92A5AED4276D2EF50012A0EA /* ExampleSources.swift in Sources */,
				92A5AEEE276D2F3A0012A0EA /* Errors.swift in Sources */,
				92A5AEF9276D2F500012A0EA /* gaussianMask_1024.mlmodel in Sources */,
				92A5AF0F27713A640012A0EA /* denoise_1024.mlmodel in Sources */,
				9286C83E278E439300A3101E /* Persistence.swift in Sources */,
				9209D3C127A391E0008DEAFF /* SerDetailView.swift in Sources */,
				9286C83C278E106100A3101E /* PythonPortHelpers.swift in Sources */,
				921916C727A7908600A3FFE9 /* ImageGalleryView.swift in Sources */,
				923279F727AD82270080F2EB /* PermissionsViewController.swift in Sources */,
				921916D527A9CC9000A3FFE9 /* HomeTabViewModel.swift in Sources */,
				92A5AEE0276D2F0F0012A0EA /* HomeTabView.swift in Sources */,
				92A5AF1327713A750012A0EA /* denoise&bgremoval&superres_1024.mlmodel in Sources */,
				92A5AF50277B89BE0012A0EA /* ImagePicker.swift in Sources */,
				9286C83A278E106100A3101E /* FileSer.swift in Sources */,
				92A5AEF7276D2F500012A0EA /* gaussianMask.mlmodel in Sources */,
				92C6998827AF1F2600B42FE4 /* DataModel.xcdatamodeld in Sources */,
				92A5AF492779568D0012A0EA /* RunInferenceButton.swift in Sources */,
				92A5AEE3276D2F0F0012A0EA /* GalleryView.swift in Sources */,
				92A5AEFA276D2F500012A0EA /* denoise&bgremoval.mlmodel in Sources */,
				92A5AF4E277AA65A0012A0EA /* ImageInspectView.swift in Sources */,
				92A5AEED276D2F3A0012A0EA /* MLModelLibrary.swift in Sources */,
				92B0FB2627B8674100D4478E /* UIScrollView.swift in Sources */,
				92A5AEEB276D2F3A0012A0EA /* ImageConverter.swift in Sources */,
				92A5AF1727716F480012A0EA /* PickerButton.swift in Sources */,
				92A5AF0D2770F7EC0012A0EA /* OutputsView.swift in Sources */,
				92A5AEE1276D2F0F0012A0EA /* BackButton.swift in Sources */,
				92A5AEFD276D68E00012A0EA /* LoadingView.swift in Sources */,
				9209D3C327A39DFE008DEAFF /* SerDocument.swift in Sources */,
				921916C927A790B800A3FFE9 /* SerGalleryView.swift in Sources */,
				92A5AF19277260CD0012A0EA /* WorkingImageView.swift in Sources */,
				929336DA27A0A106002E14A0 /* MessageDocument.swift in Sources */,
				923279F527AD82190080F2EB /* PermissionsView.swift in Sources */,
				92A5AF1B277261D80012A0EA /* ModelOutputsView.swift in Sources */,
				92A5AEDF276D2F0F0012A0EA /* ModelPickerView.swift in Sources */,
				92A5AEEC276D2F3A0012A0EA /* FitData.swift in Sources */,
				92A5AEF6276D2F500012A0EA /* denoise&bgremoval&superres.mlmodel in Sources */,
				929336DC27A0A15D002E14A0 /* ContentView.swift in Sources */,
				92A5AEE2276D2F0F0012A0EA /* ProcessingView.swift in Sources */,
				92A5AEB4276D2DBA0012A0EA /* iOSAtomSegNetApp.swift in Sources */,
				92A5AEFF276D6AAA0012A0EA /* ProcessingViewModel.swift in Sources */,
			);
			runOnlyForDeploymentPostprocessing = 0;
		};
/* End PBXSourcesBuildPhase section */

/* Begin XCBuildConfiguration section */
		92A5AEBD276D2DBB0012A0EA /* Debug */ = {
			isa = XCBuildConfiguration;
			buildSettings = {
				ALWAYS_SEARCH_USER_PATHS = NO;
				CLANG_ANALYZER_NONNULL = YES;
				CLANG_ANALYZER_NUMBER_OBJECT_CONVERSION = YES_AGGRESSIVE;
				CLANG_CXX_LANGUAGE_STANDARD = "gnu++14";
				CLANG_CXX_LIBRARY = "libc++";
				CLANG_ENABLE_MODULES = YES;
				CLANG_ENABLE_OBJC_ARC = YES;
				CLANG_ENABLE_OBJC_WEAK = YES;
				CLANG_WARN_BLOCK_CAPTURE_AUTORELEASING = YES;
				CLANG_WARN_BOOL_CONVERSION = YES;
				CLANG_WARN_COMMA = YES;
				CLANG_WARN_CONSTANT_CONVERSION = YES;
				CLANG_WARN_DEPRECATED_OBJC_IMPLEMENTATIONS = YES;
				CLANG_WARN_DIRECT_OBJC_ISA_USAGE = YES_ERROR;
				CLANG_WARN_DOCUMENTATION_COMMENTS = YES;
				CLANG_WARN_EMPTY_BODY = YES;
				CLANG_WARN_ENUM_CONVERSION = YES;
				CLANG_WARN_INFINITE_RECURSION = YES;
				CLANG_WARN_INT_CONVERSION = YES;
				CLANG_WARN_NON_LITERAL_NULL_CONVERSION = YES;
				CLANG_WARN_OBJC_IMPLICIT_RETAIN_SELF = YES;
				CLANG_WARN_OBJC_LITERAL_CONVERSION = YES;
				CLANG_WARN_OBJC_ROOT_CLASS = YES_ERROR;
				CLANG_WARN_QUOTED_INCLUDE_IN_FRAMEWORK_HEADER = YES;
				CLANG_WARN_RANGE_LOOP_ANALYSIS = YES;
				CLANG_WARN_STRICT_PROTOTYPES = YES;
				CLANG_WARN_SUSPICIOUS_MOVE = YES;
				CLANG_WARN_UNGUARDED_AVAILABILITY = YES_AGGRESSIVE;
				CLANG_WARN_UNREACHABLE_CODE = YES;
				CLANG_WARN__DUPLICATE_METHOD_MATCH = YES;
				COPY_PHASE_STRIP = NO;
				DEBUG_INFORMATION_FORMAT = dwarf;
				ENABLE_STRICT_OBJC_MSGSEND = YES;
				ENABLE_TESTABILITY = YES;
				GCC_C_LANGUAGE_STANDARD = gnu11;
				GCC_DYNAMIC_NO_PIC = NO;
				GCC_NO_COMMON_BLOCKS = YES;
				GCC_OPTIMIZATION_LEVEL = 0;
				GCC_PREPROCESSOR_DEFINITIONS = (
					"DEBUG=1",
					"$(inherited)",
				);
				GCC_WARN_64_TO_32_BIT_CONVERSION = YES;
				GCC_WARN_ABOUT_RETURN_TYPE = YES_ERROR;
				GCC_WARN_UNDECLARED_SELECTOR = YES;
				GCC_WARN_UNINITIALIZED_AUTOS = YES_AGGRESSIVE;
				GCC_WARN_UNUSED_FUNCTION = YES;
				GCC_WARN_UNUSED_VARIABLE = YES;
				IPHONEOS_DEPLOYMENT_TARGET = 14.5;
				MTL_ENABLE_DEBUG_INFO = INCLUDE_SOURCE;
				MTL_FAST_MATH = YES;
				ONLY_ACTIVE_ARCH = YES;
				SDKROOT = iphoneos;
				SWIFT_ACTIVE_COMPILATION_CONDITIONS = DEBUG;
				SWIFT_OPTIMIZATION_LEVEL = "-Onone";
			};
			name = Debug;
		};
		92A5AEBE276D2DBB0012A0EA /* Release */ = {
			isa = XCBuildConfiguration;
			buildSettings = {
				ALWAYS_SEARCH_USER_PATHS = NO;
				CLANG_ANALYZER_NONNULL = YES;
				CLANG_ANALYZER_NUMBER_OBJECT_CONVERSION = YES_AGGRESSIVE;
				CLANG_CXX_LANGUAGE_STANDARD = "gnu++14";
				CLANG_CXX_LIBRARY = "libc++";
				CLANG_ENABLE_MODULES = YES;
				CLANG_ENABLE_OBJC_ARC = YES;
				CLANG_ENABLE_OBJC_WEAK = YES;
				CLANG_WARN_BLOCK_CAPTURE_AUTORELEASING = YES;
				CLANG_WARN_BOOL_CONVERSION = YES;
				CLANG_WARN_COMMA = YES;
				CLANG_WARN_CONSTANT_CONVERSION = YES;
				CLANG_WARN_DEPRECATED_OBJC_IMPLEMENTATIONS = YES;
				CLANG_WARN_DIRECT_OBJC_ISA_USAGE = YES_ERROR;
				CLANG_WARN_DOCUMENTATION_COMMENTS = YES;
				CLANG_WARN_EMPTY_BODY = YES;
				CLANG_WARN_ENUM_CONVERSION = YES;
				CLANG_WARN_INFINITE_RECURSION = YES;
				CLANG_WARN_INT_CONVERSION = YES;
				CLANG_WARN_NON_LITERAL_NULL_CONVERSION = YES;
				CLANG_WARN_OBJC_IMPLICIT_RETAIN_SELF = YES;
				CLANG_WARN_OBJC_LITERAL_CONVERSION = YES;
				CLANG_WARN_OBJC_ROOT_CLASS = YES_ERROR;
				CLANG_WARN_QUOTED_INCLUDE_IN_FRAMEWORK_HEADER = YES;
				CLANG_WARN_RANGE_LOOP_ANALYSIS = YES;
				CLANG_WARN_STRICT_PROTOTYPES = YES;
				CLANG_WARN_SUSPICIOUS_MOVE = YES;
				CLANG_WARN_UNGUARDED_AVAILABILITY = YES_AGGRESSIVE;
				CLANG_WARN_UNREACHABLE_CODE = YES;
				CLANG_WARN__DUPLICATE_METHOD_MATCH = YES;
				COPY_PHASE_STRIP = NO;
				DEBUG_INFORMATION_FORMAT = "dwarf-with-dsym";
				ENABLE_NS_ASSERTIONS = NO;
				ENABLE_STRICT_OBJC_MSGSEND = YES;
				GCC_C_LANGUAGE_STANDARD = gnu11;
				GCC_NO_COMMON_BLOCKS = YES;
				GCC_WARN_64_TO_32_BIT_CONVERSION = YES;
				GCC_WARN_ABOUT_RETURN_TYPE = YES_ERROR;
				GCC_WARN_UNDECLARED_SELECTOR = YES;
				GCC_WARN_UNINITIALIZED_AUTOS = YES_AGGRESSIVE;
				GCC_WARN_UNUSED_FUNCTION = YES;
				GCC_WARN_UNUSED_VARIABLE = YES;
				IPHONEOS_DEPLOYMENT_TARGET = 14.5;
				MTL_ENABLE_DEBUG_INFO = NO;
				MTL_FAST_MATH = YES;
				SDKROOT = iphoneos;
				SWIFT_COMPILATION_MODE = wholemodule;
				SWIFT_OPTIMIZATION_LEVEL = "-O";
				VALIDATE_PRODUCT = YES;
			};
			name = Release;
		};
		92A5AEC0276D2DBB0012A0EA /* Debug */ = {
			isa = XCBuildConfiguration;
			buildSettings = {
				ASSETCATALOG_COMPILER_APPICON_NAME = AppIcon;
				ASSETCATALOG_COMPILER_GLOBAL_ACCENT_COLOR_NAME = AccentColor;
				CLANG_ENABLE_MODULES = YES;
				CODE_SIGN_IDENTITY = "Apple Development";
				CODE_SIGN_STYLE = Automatic;
				DEVELOPMENT_ASSET_PATHS = "\"iOSAtomSegNet/Preview Content\"";
				DEVELOPMENT_TEAM = W33KH9HRV5;
				ENABLE_PREVIEWS = YES;
				FRAMEWORK_SEARCH_PATHS = (
					"$(inherited)",
					"$(PROJECT_DIR)/Carthage/Build/LASwift.xcframework/ios-arm64_armv7",
				);
				INFOPLIST_FILE = iOSAtomSegNet/Info.plist;
				IPHONEOS_DEPLOYMENT_TARGET = 14.0;
				LD_RUNPATH_SEARCH_PATHS = (
					"$(inherited)",
					"@executable_path/Frameworks",
				);
				PRODUCT_BUNDLE_IDENTIFIER = sebastian.iOSAtomSegNet;
				PRODUCT_NAME = "$(TARGET_NAME)";
				PROVISIONING_PROFILE_SPECIFIER = "";
				SWIFT_OBJC_BRIDGING_HEADER = "";
				SWIFT_OPTIMIZATION_LEVEL = "-Onone";
				SWIFT_VERSION = 5.0;
				TARGETED_DEVICE_FAMILY = "1,2";
			};
			name = Debug;
		};
		92A5AEC1276D2DBB0012A0EA /* Release */ = {
			isa = XCBuildConfiguration;
			buildSettings = {
				ASSETCATALOG_COMPILER_APPICON_NAME = AppIcon;
				ASSETCATALOG_COMPILER_GLOBAL_ACCENT_COLOR_NAME = AccentColor;
				CLANG_ENABLE_MODULES = YES;
				CODE_SIGN_IDENTITY = "Apple Development";
				CODE_SIGN_STYLE = Automatic;
				DEVELOPMENT_ASSET_PATHS = "\"iOSAtomSegNet/Preview Content\"";
				DEVELOPMENT_TEAM = W33KH9HRV5;
				ENABLE_PREVIEWS = YES;
				FRAMEWORK_SEARCH_PATHS = (
					"$(inherited)",
					"$(PROJECT_DIR)/Carthage/Build/LASwift.xcframework/ios-arm64_armv7",
				);
				INFOPLIST_FILE = iOSAtomSegNet/Info.plist;
				IPHONEOS_DEPLOYMENT_TARGET = 14.0;
				LD_RUNPATH_SEARCH_PATHS = (
					"$(inherited)",
					"@executable_path/Frameworks",
				);
				PRODUCT_BUNDLE_IDENTIFIER = sebastian.iOSAtomSegNet;
				PRODUCT_NAME = "$(TARGET_NAME)";
				PROVISIONING_PROFILE_SPECIFIER = "";
				SWIFT_OBJC_BRIDGING_HEADER = "";
				SWIFT_VERSION = 5.0;
				TARGETED_DEVICE_FAMILY = "1,2";
			};
			name = Release;
		};
/* End XCBuildConfiguration section */

/* Begin XCConfigurationList section */
		92A5AEAB276D2DBA0012A0EA /* Build configuration list for PBXProject "iOSAtomSegNet" */ = {
			isa = XCConfigurationList;
			buildConfigurations = (
				92A5AEBD276D2DBB0012A0EA /* Debug */,
				92A5AEBE276D2DBB0012A0EA /* Release */,
			);
			defaultConfigurationIsVisible = 0;
			defaultConfigurationName = Release;
		};
		92A5AEBF276D2DBB0012A0EA /* Build configuration list for PBXNativeTarget "iOSAtomSegNet" */ = {
			isa = XCConfigurationList;
			buildConfigurations = (
				92A5AEC0276D2DBB0012A0EA /* Debug */,
				92A5AEC1276D2DBB0012A0EA /* Release */,
			);
			defaultConfigurationIsVisible = 0;
			defaultConfigurationName = Release;
		};
/* End XCConfigurationList section */

/* Begin XCVersionGroup section */
		92C6998627AF1F2600B42FE4 /* DataModel.xcdatamodeld */ = {
			isa = XCVersionGroup;
			children = (
				92C6998727AF1F2600B42FE4 /* DataModel.xcdatamodel */,
			);
			currentVersion = 92C6998727AF1F2600B42FE4 /* DataModel.xcdatamodel */;
			path = DataModel.xcdatamodeld;
			sourceTree = "<group>";
			versionGroupType = wrapper.xcdatamodel;
		};
/* End XCVersionGroup section */
	};
	rootObject = 92A5AEA8276D2DBA0012A0EA /* Project object */;
}
